<?xml version="1.0" encoding="utf-8"?>
<Project ToolsVersion="4.0" xmlns="http://schemas.microsoft.com/developer/msbuild/2003">
  <ItemGroup>
    <Filter Include="Source Files">
      <UniqueIdentifier>{4FC737F1-C7A5-4376-A066-2A32D752A2FF}</UniqueIdentifier>
      <Extensions>cpp;c;cc;cxx;c++;cppm;ixx;def;odl;idl;hpj;bat;asm;asmx</Extensions>
    </Filter>
    <Filter Include="Header Files">
      <UniqueIdentifier>{93995380-89BD-4b04-88EB-625FBE52EBFB}</UniqueIdentifier>
      <Extensions>h;hh;hpp;hxx;h++;hm;inl;inc;ipp;xsd</Extensions>
    </Filter>
    <Filter Include="Resource Files">
      <UniqueIdentifier>{67DA6AB6-F800-4c08-8B7A-83BB121AAD01}</UniqueIdentifier>
      <Extensions>rc;ico;cur;bmp;dlg;rc2;rct;bin;rgs;gif;jpg;jpeg;jpe;resx;tiff;tif;png;wav;mfcribbon-ms</Extensions>
    </Filter>
  </ItemGroup>
  <ItemGroup>
    <ClCompile Include="src\managers\window.cpp">
      <Filter>Source Files</Filter>
    </ClCompile>
    <ClCompile Include="src\core\root.cpp">
      <Filter>Source Files</Filter>
    </ClCompile>
    <ClCompile Include="src\util\config.cpp">
      <Filter>Source Files</Filter>
    </ClCompile>
    <ClCompile Include="src\external\avk.cpp">
      <Filter>Source Files</Filter>
    </ClCompile>
    <ClCompile Include="src\external\ryml.cpp">
      <Filter>Source Files</Filter>
    </ClCompile>
    <ClCompile Include="src\managers\shaders.cpp">
      <Filter>Source Files</Filter>
    </ClCompile>
    <ClCompile Include="src\core\obsidian.cpp">
      <Filter>Source Files</Filter>
    </ClCompile>
    <ClCompile Include="src\main.cpp">
      <Filter>Source Files</Filter>
    </ClCompile>
    <ClCompile Include="include\external\loguru\loguru.cpp">
      <Filter>Source Files</Filter>
    </ClCompile>
    <ClCompile Include="src\core\obsidian.cpp">
      <Filter>Source Files</Filter>
    </ClCompile>
  </ItemGroup>
  <ItemGroup>
    <ClInclude Include="include\native\core\include.h">
      <Filter>Header Files</Filter>
    </ClInclude>
    <ClInclude Include="include\native\core\obsidian.h">
      <Filter>Header Files</Filter>
    </ClInclude>
    <ClInclude Include="include\native\core\root.h">
      <Filter>Header Files</Filter>
    </ClInclude>
    <ClInclude Include="include\native\managers\input.h">
      <Filter>Header Files</Filter>
    </ClInclude>
    <ClInclude Include="include\native\managers\scene.h">
      <Filter>Header Files</Filter>
    </ClInclude>
    <ClInclude Include="include\native\managers\window.h">
      <Filter>Header Files</Filter>
    </ClInclude>
    <ClInclude Include="include\native\util\config.h">
      <Filter>Header Files</Filter>
    </ClInclude>
    <ClInclude Include="include\external\avk\acceleration_structure_size_requirements.hpp">
      <Filter>Header Files</Filter>
    </ClInclude>
    <ClInclude Include="include\external\avk\attachment.hpp">
      <Filter>Header Files</Filter>
    </ClInclude>
    <ClInclude Include="include\external\avk\avk.hpp">
      <Filter>Header Files</Filter>
    </ClInclude>
    <ClInclude Include="include\external\avk\avk_error.hpp">
      <Filter>Header Files</Filter>
    </ClInclude>
    <ClInclude Include="include\external\avk\avk_log.hpp">
      <Filter>Header Files</Filter>
    </ClInclude>
    <ClInclude Include="include\external\avk\binding_data.hpp">
      <Filter>Header Files</Filter>
    </ClInclude>
    <ClInclude Include="include\external\avk\bindings.hpp">
      <Filter>Header Files</Filter>
    </ClInclude>
    <ClInclude Include="include\external\avk\border_handling_mode.hpp">
      <Filter>Header Files</Filter>
    </ClInclude>
    <ClInclude Include="include\external\avk\bottom_level_acceleration_structure.hpp">
      <Filter>Header Files</Filter>
    </ClInclude>
    <ClInclude Include="include\external\avk\buffer.hpp">
      <Filter>Header Files</Filter>
    </ClInclude>
    <ClInclude Include="include\external\avk\buffer_meta.hpp">
      <Filter>Header Files</Filter>
    </ClInclude>
    <ClInclude Include="include\external\avk\buffer_view.hpp">
      <Filter>Header Files</Filter>
    </ClInclude>
    <ClInclude Include="include\external\avk\command_buffer.hpp">
      <Filter>Header Files</Filter>
    </ClInclude>
    <ClInclude Include="include\external\avk\command_pool.hpp">
      <Filter>Header Files</Filter>
    </ClInclude>
    <ClInclude Include="include\external\avk\commands.hpp">
      <Filter>Header Files</Filter>
    </ClInclude>
    <ClInclude Include="include\external\avk\compute_pipeline.hpp">
      <Filter>Header Files</Filter>
    </ClInclude>
    <ClInclude Include="include\external\avk\compute_pipeline_config.hpp">
      <Filter>Header Files</Filter>
    </ClInclude>
    <ClInclude Include="include\external\avk\cpp_utils.hpp">
      <Filter>Header Files</Filter>
    </ClInclude>
    <ClInclude Include="include\external\avk\descriptor_alloc_request.hpp">
      <Filter>Header Files</Filter>
    </ClInclude>
    <ClInclude Include="include\external\avk\descriptor_cache.hpp">
      <Filter>Header Files</Filter>
    </ClInclude>
    <ClInclude Include="include\external\avk\descriptor_pool.hpp">
      <Filter>Header Files</Filter>
    </ClInclude>
    <ClInclude Include="include\external\avk\descriptor_set.hpp">
      <Filter>Header Files</Filter>
    </ClInclude>
    <ClInclude Include="include\external\avk\descriptor_set_layout.hpp">
      <Filter>Header Files</Filter>
    </ClInclude>
    <ClInclude Include="include\external\avk\fence.hpp">
      <Filter>Header Files</Filter>
    </ClInclude>
    <ClInclude Include="include\external\avk\filter_mode.hpp">
      <Filter>Header Files</Filter>
    </ClInclude>
    <ClInclude Include="include\external\avk\format_for.hpp">
      <Filter>Header Files</Filter>
    </ClInclude>
    <ClInclude Include="include\external\avk\framebuffer.hpp">
      <Filter>Header Files</Filter>
    </ClInclude>
    <ClInclude Include="include\external\avk\geometry_instance.hpp">
      <Filter>Header Files</Filter>
    </ClInclude>
    <ClInclude Include="include\external\avk\graphics_pipeline.hpp">
      <Filter>Header Files</Filter>
    </ClInclude>
    <ClInclude Include="include\external\avk\graphics_pipeline_config.hpp">
      <Filter>Header Files</Filter>
    </ClInclude>
    <ClInclude Include="include\external\avk\image.hpp">
      <Filter>Header Files</Filter>
    </ClInclude>
    <ClInclude Include="include\external\avk\image_color_channel_format.hpp">
      <Filter>Header Files</Filter>
    </ClInclude>
    <ClInclude Include="include\external\avk\image_color_channel_order.hpp">
      <Filter>Header Files</Filter>
    </ClInclude>
    <ClInclude Include="include\external\avk\image_sampler.hpp">
      <Filter>Header Files</Filter>
    </ClInclude>
    <ClInclude Include="include\external\avk\image_usage.hpp">
      <Filter>Header Files</Filter>
    </ClInclude>
    <ClInclude Include="include\external\avk\image_view.hpp">
      <Filter>Header Files</Filter>
    </ClInclude>
    <ClInclude Include="include\external\avk\input_description.hpp">
      <Filter>Header Files</Filter>
    </ClInclude>
    <ClInclude Include="include\external\avk\layout.hpp">
      <Filter>Header Files</Filter>
    </ClInclude>
    <ClInclude Include="include\external\avk\mapping_access.hpp">
      <Filter>Header Files</Filter>
    </ClInclude>
    <ClInclude Include="include\external\avk\mem_handle.hpp">
      <Filter>Header Files</Filter>
    </ClInclude>
    <ClInclude Include="include\external\avk\memory_access.hpp">
      <Filter>Header Files</Filter>
    </ClInclude>
    <ClInclude Include="include\external\avk\memory_usage.hpp">
      <Filter>Header Files</Filter>
    </ClInclude>
    <ClInclude Include="include\external\avk\on_load.hpp">
      <Filter>Header Files</Filter>
    </ClInclude>
    <ClInclude Include="include\external\avk\on_store.hpp">
      <Filter>Header Files</Filter>
    </ClInclude>
    <ClInclude Include="include\external\avk\pipeline_stage.hpp">
      <Filter>Header Files</Filter>
    </ClInclude>
    <ClInclude Include="include\external\avk\push_constants.hpp">
      <Filter>Header Files</Filter>
    </ClInclude>
    <ClInclude Include="include\external\avk\query_pool.hpp">
      <Filter>Header Files</Filter>
    </ClInclude>
    <ClInclude Include="include\external\avk\queue.hpp">
      <Filter>Header Files</Filter>
    </ClInclude>
    <ClInclude Include="include\external\avk\ray_tracing_pipeline.hpp">
      <Filter>Header Files</Filter>
    </ClInclude>
    <ClInclude Include="include\external\avk\ray_tracing_pipeline_config.hpp">
      <Filter>Header Files</Filter>
    </ClInclude>
    <ClInclude Include="include\external\avk\renderpass.hpp">
      <Filter>Header Files</Filter>
    </ClInclude>
    <ClInclude Include="include\external\avk\root_example_implementation.hpp">
      <Filter>Header Files</Filter>
    </ClInclude>
    <ClInclude Include="include\external\avk\sampler.hpp">
      <Filter>Header Files</Filter>
    </ClInclude>
    <ClInclude Include="include\external\avk\scoped_mapping.hpp">
      <Filter>Header Files</Filter>
    </ClInclude>
    <ClInclude Include="include\external\avk\semaphore.hpp">
      <Filter>Header Files</Filter>
    </ClInclude>
    <ClInclude Include="include\external\avk\set_of_descriptor_set_layouts.hpp">
      <Filter>Header Files</Filter>
    </ClInclude>
    <ClInclude Include="include\external\avk\shader.hpp">
      <Filter>Header Files</Filter>
    </ClInclude>
    <ClInclude Include="include\external\avk\shader_binding_table.hpp">
      <Filter>Header Files</Filter>
    </ClInclude>
    <ClInclude Include="include\external\avk\shader_info.hpp">
      <Filter>Header Files</Filter>
    </ClInclude>
    <ClInclude Include="include\external\avk\shader_type.hpp">
      <Filter>Header Files</Filter>
    </ClInclude>
    <ClInclude Include="include\external\avk\stage_and_access.hpp">
      <Filter>Header Files</Filter>
    </ClInclude>
    <ClInclude Include="include\external\avk\subpass_dependency.hpp">
      <Filter>Header Files</Filter>
    </ClInclude>
    <ClInclude Include="include\external\avk\subpass_usage_type.hpp">
      <Filter>Header Files</Filter>
    </ClInclude>
    <ClInclude Include="include\external\avk\subpass_usages.hpp">
      <Filter>Header Files</Filter>
    </ClInclude>
    <ClInclude Include="include\external\avk\top_level_acceleration_structure.hpp">
      <Filter>Header Files</Filter>
    </ClInclude>
    <ClInclude Include="include\external\avk\vertex_index_buffer_pair.hpp">
      <Filter>Header Files</Filter>
    </ClInclude>
    <ClInclude Include="include\external\avk\vk_utils.hpp">
      <Filter>Header Files</Filter>
    </ClInclude>
    <ClInclude Include="include\external\avk\vk_utils2.hpp">
      <Filter>Header Files</Filter>
    </ClInclude>
    <ClInclude Include="include\external\avk\vma_handle.hpp">
      <Filter>Header Files</Filter>
    </ClInclude>
    <ClInclude Include="include\external\avk\vulkan_helper_functions.hpp">
      <Filter>Header Files</Filter>
    </ClInclude>
    <ClInclude Include="include\external\vma\vk_mem_alloc.h">
      <Filter>Header Files</Filter>
    </ClInclude>
    <ClInclude Include="include\external\yaml\ryml.hpp">
      <Filter>Header Files</Filter>
    </ClInclude>
    <ClInclude Include="include\native\managers\shaders.h">
      <Filter>Header Files</Filter>
    </ClInclude>
    <ClInclude Include="include\native\core\log.h">
      <Filter>Header Files</Filter>
    </ClInclude>
    <ClInclude Include="include\native\util\variadic.h">
      <Filter>Header Files</Filter>
    </ClInclude>
    <ClInclude Include="include\external\glfw\glfw3.h">
      <Filter>Header Files</Filter>
    </ClInclude>
    <ClInclude Include="include\external\loguru\loguru.hpp">
      <Filter>Header Files</Filter>
    </ClInclude>
  </ItemGroup>
  <ItemGroup>
    <None Include="config.yaml" />
    <None Include=".gitignore" />
    <None Include="LICENSE" />
    <None Include="include\external\glfw\LICENSE.md" />
  </ItemGroup>
  <ItemGroup>
    <Library Include="include\external\glfw\glfw3.lib" />
  </ItemGroup>
</Project>